
Microsoft Visual Studio Solution File, Format Version 12.00
# Visual Studio Version 17
VisualStudioVersion = 17.3.32922.545
MinimumVisualStudioVersion = 10.0.40219.1
Project("{9A19103F-16F7-4668-BE54-9A1E7A4F7556}") = "1 - CategoryApi", "CategoryApi\1 - CategoryApi.csproj", "{75C74A3C-222D-4DA3-87A6-B4B5BCF23B74}"
EndProject
Project("{9A19103F-16F7-4668-BE54-9A1E7A4F7556}") = "Business", "Business\Business.csproj", "{F8E5A708-CEFF-4E16-8C80-7321C5F77C01}"
EndProject
Project("{9A19103F-16F7-4668-BE54-9A1E7A4F7556}") = "Persistence", "Persistence\Persistence.csproj", "{C03242DC-931D-4653-9581-D97839B73509}"
EndProject
Project("{FAE04EC0-301F-11D3-BF4B-00C04F79EFBC}") = "Repository", "Repository\Repository.csproj", "{6AC110D9-B5B7-417B-851D-DCEE895C82BB}"
EndProject
Project("{FAE04EC0-301F-11D3-BF4B-00C04F79EFBC}") = "Contracts", "Contracts\Contracts.csproj", "{1D55DCC2-A017-4C3E-A9F4-889B354404BC}"
EndProject
Global
	GlobalSection(SolutionConfigurationPlatforms) = preSolution
		Debug|Any CPU = Debug|Any CPU
		Release|Any CPU = Release|Any CPU
	EndGlobalSection
	GlobalSection(ProjectConfigurationPlatforms) = postSolution
		{75C74A3C-222D-4DA3-87A6-B4B5BCF23B74}.Debug|Any CPU.ActiveCfg = Debug|Any CPU
		{75C74A3C-222D-4DA3-87A6-B4B5BCF23B74}.Debug|Any CPU.Build.0 = Debug|Any CPU
		{75C74A3C-222D-4DA3-87A6-B4B5BCF23B74}.Release|Any CPU.ActiveCfg = Release|Any CPU
		{75C74A3C-222D-4DA3-87A6-B4B5BCF23B74}.Release|Any CPU.Build.0 = Release|Any CPU
		{F8E5A708-CEFF-4E16-8C80-7321C5F77C01}.Debug|Any CPU.ActiveCfg = Debug|Any CPU
		{F8E5A708-CEFF-4E16-8C80-7321C5F77C01}.Debug|Any CPU.Build.0 = Debug|Any CPU
		{F8E5A708-CEFF-4E16-8C80-7321C5F77C01}.Release|Any CPU.ActiveCfg = Release|Any CPU
		{F8E5A708-CEFF-4E16-8C80-7321C5F77C01}.Release|Any CPU.Build.0 = Release|Any CPU
		{C03242DC-931D-4653-9581-D97839B73509}.Debug|Any CPU.ActiveCfg = Debug|Any CPU
		{C03242DC-931D-4653-9581-D97839B73509}.Debug|Any CPU.Build.0 = Debug|Any CPU
		{C03242DC-931D-4653-9581-D97839B73509}.Release|Any CPU.ActiveCfg = Release|Any CPU
		{C03242DC-931D-4653-9581-D97839B73509}.Release|Any CPU.Build.0 = Release|Any CPU
		{6AC110D9-B5B7-417B-851D-DCEE895C82BB}.Debug|Any CPU.ActiveCfg = Debug|Any CPU
		{6AC110D9-B5B7-417B-851D-DCEE895C82BB}.Debug|Any CPU.Build.0 = Debug|Any CPU
		{6AC110D9-B5B7-417B-851D-DCEE895C82BB}.Release|Any CPU.ActiveCfg = Release|Any CPU
		{6AC110D9-B5B7-417B-851D-DCEE895C82BB}.Release|Any CPU.Build.0 = Release|Any CPU
		{1D55DCC2-A017-4C3E-A9F4-889B354404BC}.Debug|Any CPU.ActiveCfg = Debug|Any CPU
		{1D55DCC2-A017-4C3E-A9F4-889B354404BC}.Debug|Any CPU.Build.0 = Debug|Any CPU
		{1D55DCC2-A017-4C3E-A9F4-889B354404BC}.Release|Any CPU.ActiveCfg = Release|Any CPU
		{1D55DCC2-A017-4C3E-A9F4-889B354404BC}.Release|Any CPU.Build.0 = Release|Any CPU
	EndGlobalSection
	GlobalSection(SolutionProperties) = preSolution
		HideSolutionNode = FALSE
	EndGlobalSection
	GlobalSection(ExtensibilityGlobals) = postSolution
		SolutionGuid = {68AE33B1-0346-4579-8CED-D6548606CCC6}
	EndGlobalSection
EndGlobal
